
Microsoft Visual Studio Solution File, Format Version 12.00
# Visual Studio Version 16
VisualStudioVersion = 16.0.31729.503
MinimumVisualStudioVersion = 10.0.40219.1
Project("{9A19103F-16F7-4668-BE54-9A1E7A4F7556}") = "Localization", "Localization\Localization.csproj", "{4F4BE2E9-CFDC-4EFC-9617-0F791AED20E6}"
EndProject
Project("{9A19103F-16F7-4668-BE54-9A1E7A4F7556}") = "Localization.Xml", "Localization.Xml\Localization.Xml.csproj", "{7E70BFAC-0A27-478D-8232-F785A706134F}"
EndProject
Global
	GlobalSection(SolutionConfigurationPlatforms) = preSolution
		Debug|Any CPU = Debug|Any CPU
		Release|Any CPU = Release|Any CPU
	EndGlobalSection
	GlobalSection(ProjectConfigurationPlatforms) = postSolution
		{4F4BE2E9-CFDC-4EFC-9617-0F791AED20E6}.Debug|Any CPU.ActiveCfg = Debug|Any CPU
		{4F4BE2E9-CFDC-4EFC-9617-0F791AED20E6}.Debug|Any CPU.Build.0 = Debug|Any CPU
		{4F4BE2E9-CFDC-4EFC-9617-0F791AED20E6}.Release|Any CPU.ActiveCfg = Release|Any CPU
		{4F4BE2E9-CFDC-4EFC-9617-0F791AED20E6}.Release|Any CPU.Build.0 = Release|Any CPU
		{7E70BFAC-0A27-478D-8232-F785A706134F}.Debug|Any CPU.ActiveCfg = Debug|Any CPU
		{7E70BFAC-0A27-478D-8232-F785A706134F}.Debug|Any CPU.Build.0 = Debug|Any CPU
		{7E70BFAC-0A27-478D-8232-F785A706134F}.Release|Any CPU.ActiveCfg = Release|Any CPU
		{7E70BFAC-0A27-478D-8232-F785A706134F}.Release|Any CPU.Build.0 = Release|Any CPU
	EndGlobalSection
	GlobalSection(SolutionProperties) = preSolution
		HideSolutionNode = FALSE
	EndGlobalSection
	GlobalSection(ExtensibilityGlobals) = postSolution
		SolutionGuid = {1895E11D-3BD9-2342-BE5A-DAE5ACF7C7E3}
	EndGlobalSection
EndGlobal
